
Microsoft Visual Studio Solution File, Format Version 12.00
# Visual Studio 15
VisualStudioVersion = 15.0.26124.0
MinimumVisualStudioVersion = 15.0.26124.0
Project("{2150E333-8FDC-42A3-9474-1A3956D46DE8}") = "src", "src", "{EE8F3A70-EBEA-49B4-91B7-5D533EA3ED13}"
EndProject
Project("{FAE04EC0-301F-11D3-BF4B-00C04F79EFBC}") = "SimpleAPI", "src\SimpleAPI\SimpleAPI.csproj", "{63F92A9E-B4F0-40B3-8BB4-3A6A45318520}"
EndProject
Project("{2150E333-8FDC-42A3-9474-1A3956D46DE8}") = "test", "test", "{DE73E517-F4F4-4F22-A5A6-58D4B297D5B6}"
EndProject
Project("{FAE04EC0-301F-11D3-BF4B-00C04F79EFBC}") = "SimpleAPI.Test", "test\SimpleAPI.Test\SimpleAPI.Test.csproj", "{8976D4C8-0589-42E2-977E-BAB122E05899}"
EndProject
Global
	GlobalSection(SolutionConfigurationPlatforms) = preSolution
		Debug|Any CPU = Debug|Any CPU
		Debug|x64 = Debug|x64
		Debug|x86 = Debug|x86
		Release|Any CPU = Release|Any CPU
		Release|x64 = Release|x64
		Release|x86 = Release|x86
	EndGlobalSection
	GlobalSection(SolutionProperties) = preSolution
		HideSolutionNode = FALSE
	EndGlobalSection
	GlobalSection(ProjectConfigurationPlatforms) = postSolution
		{63F92A9E-B4F0-40B3-8BB4-3A6A45318520}.Debug|Any CPU.ActiveCfg = Debug|Any CPU
		{63F92A9E-B4F0-40B3-8BB4-3A6A45318520}.Debug|Any CPU.Build.0 = Debug|Any CPU
		{63F92A9E-B4F0-40B3-8BB4-3A6A45318520}.Debug|x64.ActiveCfg = Debug|Any CPU
		{63F92A9E-B4F0-40B3-8BB4-3A6A45318520}.Debug|x64.Build.0 = Debug|Any CPU
		{63F92A9E-B4F0-40B3-8BB4-3A6A45318520}.Debug|x86.ActiveCfg = Debug|Any CPU
		{63F92A9E-B4F0-40B3-8BB4-3A6A45318520}.Debug|x86.Build.0 = Debug|Any CPU
		{63F92A9E-B4F0-40B3-8BB4-3A6A45318520}.Release|Any CPU.ActiveCfg = Release|Any CPU
		{63F92A9E-B4F0-40B3-8BB4-3A6A45318520}.Release|Any CPU.Build.0 = Release|Any CPU
		{63F92A9E-B4F0-40B3-8BB4-3A6A45318520}.Release|x64.ActiveCfg = Release|Any CPU
		{63F92A9E-B4F0-40B3-8BB4-3A6A45318520}.Release|x64.Build.0 = Release|Any CPU
		{63F92A9E-B4F0-40B3-8BB4-3A6A45318520}.Release|x86.ActiveCfg = Release|Any CPU
		{63F92A9E-B4F0-40B3-8BB4-3A6A45318520}.Release|x86.Build.0 = Release|Any CPU
		{8976D4C8-0589-42E2-977E-BAB122E05899}.Debug|Any CPU.ActiveCfg = Debug|Any CPU
		{8976D4C8-0589-42E2-977E-BAB122E05899}.Debug|Any CPU.Build.0 = Debug|Any CPU
		{8976D4C8-0589-42E2-977E-BAB122E05899}.Debug|x64.ActiveCfg = Debug|Any CPU
		{8976D4C8-0589-42E2-977E-BAB122E05899}.Debug|x64.Build.0 = Debug|Any CPU
		{8976D4C8-0589-42E2-977E-BAB122E05899}.Debug|x86.ActiveCfg = Debug|Any CPU
		{8976D4C8-0589-42E2-977E-BAB122E05899}.Debug|x86.Build.0 = Debug|Any CPU
		{8976D4C8-0589-42E2-977E-BAB122E05899}.Release|Any CPU.ActiveCfg = Release|Any CPU
		{8976D4C8-0589-42E2-977E-BAB122E05899}.Release|Any CPU.Build.0 = Release|Any CPU
		{8976D4C8-0589-42E2-977E-BAB122E05899}.Release|x64.ActiveCfg = Release|Any CPU
		{8976D4C8-0589-42E2-977E-BAB122E05899}.Release|x64.Build.0 = Release|Any CPU
		{8976D4C8-0589-42E2-977E-BAB122E05899}.Release|x86.ActiveCfg = Release|Any CPU
		{8976D4C8-0589-42E2-977E-BAB122E05899}.Release|x86.Build.0 = Release|Any CPU
	EndGlobalSection
	GlobalSection(NestedProjects) = preSolution
		{63F92A9E-B4F0-40B3-8BB4-3A6A45318520} = {EE8F3A70-EBEA-49B4-91B7-5D533EA3ED13}
		{8976D4C8-0589-42E2-977E-BAB122E05899} = {DE73E517-F4F4-4F22-A5A6-58D4B297D5B6}
	EndGlobalSection
EndGlobal
